
Microsoft Visual Studio Solution File, Format Version 12.00
# Visual Studio 2012
Project("{2150E333-8FDC-42A3-9474-1A3956D46DE8}") = ".nuget", ".nuget", "{8DEC69C6-40F4-4DC0-8E60-D6C215EB471E}"
	ProjectSection(SolutionItems) = preProject
		.nuget\packages.config = .nuget\packages.config
	EndProjectSection
EndProject
Project("{2150E333-8FDC-42A3-9474-1A3956D46DE8}") = "Build", "Build", "{50BF98F5-50FF-4A9A-A853-4863DE43D8AA}"
	ProjectSection(SolutionItems) = preProject
		Build\app.build.js = Build\app.build.js
		Build\build.bat = Build\build.bat
		Build\Build.proj = Build\Build.proj
		Build\getting-build-to-work.txt = Build\getting-build-to-work.txt
		Build\js-build-tasks.bat = Build\js-build-tasks.bat
		Build\r.js = Build\r.js
	EndProjectSection
EndProject
Project("{FAE04EC0-301F-11D3-BF4B-00C04F79EFBC}") = "Bowerbird.Website", "Src\Bowerbird.Website\Bowerbird.Website.csproj", "{4E89BE11-AE0B-4A9E-B423-87B5A6261C0E}"
EndProject
Project("{FAE04EC0-301F-11D3-BF4B-00C04F79EFBC}") = "Bowerbird.Web", "Src\Bowerbird.Web\Bowerbird.Web.csproj", "{32CE4221-21E5-48E9-BA54-E0908FD5B80A}"
EndProject
Project("{FAE04EC0-301F-11D3-BF4B-00C04F79EFBC}") = "Bowerbird.Core", "Src\Bowerbird.Core\Bowerbird.Core.csproj", "{F71840F1-86D3-460B-B49A-7770CD7E06E4}"
EndProject
Project("{FAE04EC0-301F-11D3-BF4B-00C04F79EFBC}") = "Bowerbird.Xport", "Src\Bowerbird.Xport\Bowerbird.Xport.csproj", "{9146318F-2A1B-4CA8-AE8D-7DDE15C44891}"
EndProject
Project("{FAE04EC0-301F-11D3-BF4B-00C04F79EFBC}") = "Bowerbird.Yport", "Src\Bowerbird.Yport\Bowerbird.Yport.csproj", "{1CDAB507-D27D-4388-A50D-B3D2EE400F14}"
EndProject
Global
	GlobalSection(SolutionConfigurationPlatforms) = preSolution
		Debug|Any CPU = Debug|Any CPU
		Debug|Mixed Platforms = Debug|Mixed Platforms
		Debug|x86 = Debug|x86
		DebugProd|Any CPU = DebugProd|Any CPU
		DebugProd|Mixed Platforms = DebugProd|Mixed Platforms
		DebugProd|x86 = DebugProd|x86
		Prod|Any CPU = Prod|Any CPU
		Prod|Mixed Platforms = Prod|Mixed Platforms
		Prod|x86 = Prod|x86
		Release|Any CPU = Release|Any CPU
		Release|Mixed Platforms = Release|Mixed Platforms
		Release|x86 = Release|x86
	EndGlobalSection
	GlobalSection(ProjectConfigurationPlatforms) = postSolution
		{4E89BE11-AE0B-4A9E-B423-87B5A6261C0E}.Debug|Any CPU.ActiveCfg = Debug|Any CPU
		{4E89BE11-AE0B-4A9E-B423-87B5A6261C0E}.Debug|Any CPU.Build.0 = Debug|Any CPU
		{4E89BE11-AE0B-4A9E-B423-87B5A6261C0E}.Debug|Mixed Platforms.ActiveCfg = Debug|Any CPU
		{4E89BE11-AE0B-4A9E-B423-87B5A6261C0E}.Debug|Mixed Platforms.Build.0 = Debug|Any CPU
		{4E89BE11-AE0B-4A9E-B423-87B5A6261C0E}.Debug|x86.ActiveCfg = Debug|Any CPU
		{4E89BE11-AE0B-4A9E-B423-87B5A6261C0E}.DebugProd|Any CPU.ActiveCfg = DebugProd|Any CPU
		{4E89BE11-AE0B-4A9E-B423-87B5A6261C0E}.DebugProd|Any CPU.Build.0 = DebugProd|Any CPU
		{4E89BE11-AE0B-4A9E-B423-87B5A6261C0E}.DebugProd|Mixed Platforms.ActiveCfg = DebugProd|Any CPU
		{4E89BE11-AE0B-4A9E-B423-87B5A6261C0E}.DebugProd|Mixed Platforms.Build.0 = DebugProd|Any CPU
		{4E89BE11-AE0B-4A9E-B423-87B5A6261C0E}.DebugProd|x86.ActiveCfg = DebugProd|Any CPU
		{4E89BE11-AE0B-4A9E-B423-87B5A6261C0E}.Prod|Any CPU.ActiveCfg = Prod|Any CPU
		{4E89BE11-AE0B-4A9E-B423-87B5A6261C0E}.Prod|Any CPU.Build.0 = Prod|Any CPU
		{4E89BE11-AE0B-4A9E-B423-87B5A6261C0E}.Prod|Mixed Platforms.ActiveCfg = Prod|Any CPU
		{4E89BE11-AE0B-4A9E-B423-87B5A6261C0E}.Prod|Mixed Platforms.Build.0 = Prod|Any CPU
		{4E89BE11-AE0B-4A9E-B423-87B5A6261C0E}.Prod|x86.ActiveCfg = Prod|Any CPU
		{4E89BE11-AE0B-4A9E-B423-87B5A6261C0E}.Release|Any CPU.ActiveCfg = DebugProd|Any CPU
		{4E89BE11-AE0B-4A9E-B423-87B5A6261C0E}.Release|Any CPU.Build.0 = DebugProd|Any CPU
		{4E89BE11-AE0B-4A9E-B423-87B5A6261C0E}.Release|Mixed Platforms.ActiveCfg = DebugProd|Any CPU
		{4E89BE11-AE0B-4A9E-B423-87B5A6261C0E}.Release|Mixed Platforms.Build.0 = DebugProd|Any CPU
		{4E89BE11-AE0B-4A9E-B423-87B5A6261C0E}.Release|x86.ActiveCfg = DebugProd|Any CPU
		{32CE4221-21E5-48E9-BA54-E0908FD5B80A}.Debug|Any CPU.ActiveCfg = Debug|Any CPU
		{32CE4221-21E5-48E9-BA54-E0908FD5B80A}.Debug|Any CPU.Build.0 = Debug|Any CPU
		{32CE4221-21E5-48E9-BA54-E0908FD5B80A}.Debug|Mixed Platforms.ActiveCfg = Debug|Any CPU
		{32CE4221-21E5-48E9-BA54-E0908FD5B80A}.Debug|Mixed Platforms.Build.0 = Debug|Any CPU
		{32CE4221-21E5-48E9-BA54-E0908FD5B80A}.Debug|x86.ActiveCfg = Debug|Any CPU
		{32CE4221-21E5-48E9-BA54-E0908FD5B80A}.DebugProd|Any CPU.ActiveCfg = DebugProd|Any CPU
		{32CE4221-21E5-48E9-BA54-E0908FD5B80A}.DebugProd|Any CPU.Build.0 = DebugProd|Any CPU
		{32CE4221-21E5-48E9-BA54-E0908FD5B80A}.DebugProd|Mixed Platforms.ActiveCfg = DebugProd|Any CPU
		{32CE4221-21E5-48E9-BA54-E0908FD5B80A}.DebugProd|Mixed Platforms.Build.0 = DebugProd|Any CPU
		{32CE4221-21E5-48E9-BA54-E0908FD5B80A}.DebugProd|x86.ActiveCfg = DebugProd|Any CPU
		{32CE4221-21E5-48E9-BA54-E0908FD5B80A}.Prod|Any CPU.ActiveCfg = Prod|Any CPU
		{32CE4221-21E5-48E9-BA54-E0908FD5B80A}.Prod|Any CPU.Build.0 = Prod|Any CPU
		{32CE4221-21E5-48E9-BA54-E0908FD5B80A}.Prod|Mixed Platforms.ActiveCfg = Prod|Any CPU
		{32CE4221-21E5-48E9-BA54-E0908FD5B80A}.Prod|Mixed Platforms.Build.0 = Prod|Any CPU
		{32CE4221-21E5-48E9-BA54-E0908FD5B80A}.Prod|x86.ActiveCfg = Prod|Any CPU
		{32CE4221-21E5-48E9-BA54-E0908FD5B80A}.Release|Any CPU.ActiveCfg = DebugProd|Any CPU
		{32CE4221-21E5-48E9-BA54-E0908FD5B80A}.Release|Any CPU.Build.0 = DebugProd|Any CPU
		{32CE4221-21E5-48E9-BA54-E0908FD5B80A}.Release|Mixed Platforms.ActiveCfg = DebugProd|Any CPU
		{32CE4221-21E5-48E9-BA54-E0908FD5B80A}.Release|Mixed Platforms.Build.0 = DebugProd|Any CPU
		{32CE4221-21E5-48E9-BA54-E0908FD5B80A}.Release|x86.ActiveCfg = DebugProd|Any CPU
		{F71840F1-86D3-460B-B49A-7770CD7E06E4}.Debug|Any CPU.ActiveCfg = Debug|Any CPU
		{F71840F1-86D3-460B-B49A-7770CD7E06E4}.Debug|Any CPU.Build.0 = Debug|Any CPU
		{F71840F1-86D3-460B-B49A-7770CD7E06E4}.Debug|Mixed Platforms.ActiveCfg = Debug|Any CPU
		{F71840F1-86D3-460B-B49A-7770CD7E06E4}.Debug|Mixed Platforms.Build.0 = Debug|Any CPU
		{F71840F1-86D3-460B-B49A-7770CD7E06E4}.Debug|x86.ActiveCfg = Debug|Any CPU
		{F71840F1-86D3-460B-B49A-7770CD7E06E4}.DebugProd|Any CPU.ActiveCfg = DebugProd|Any CPU
		{F71840F1-86D3-460B-B49A-7770CD7E06E4}.DebugProd|Any CPU.Build.0 = DebugProd|Any CPU
		{F71840F1-86D3-460B-B49A-7770CD7E06E4}.DebugProd|Mixed Platforms.ActiveCfg = DebugProd|Any CPU
		{F71840F1-86D3-460B-B49A-7770CD7E06E4}.DebugProd|Mixed Platforms.Build.0 = DebugProd|Any CPU
		{F71840F1-86D3-460B-B49A-7770CD7E06E4}.DebugProd|x86.ActiveCfg = DebugProd|Any CPU
		{F71840F1-86D3-460B-B49A-7770CD7E06E4}.Prod|Any CPU.ActiveCfg = Prod|Any CPU
		{F71840F1-86D3-460B-B49A-7770CD7E06E4}.Prod|Any CPU.Build.0 = Prod|Any CPU
		{F71840F1-86D3-460B-B49A-7770CD7E06E4}.Prod|Mixed Platforms.ActiveCfg = Prod|Any CPU
		{F71840F1-86D3-460B-B49A-7770CD7E06E4}.Prod|Mixed Platforms.Build.0 = Prod|Any CPU
		{F71840F1-86D3-460B-B49A-7770CD7E06E4}.Prod|x86.ActiveCfg = Prod|Any CPU
		{F71840F1-86D3-460B-B49A-7770CD7E06E4}.Release|Any CPU.ActiveCfg = DebugProd|Any CPU
		{F71840F1-86D3-460B-B49A-7770CD7E06E4}.Release|Any CPU.Build.0 = DebugProd|Any CPU
		{F71840F1-86D3-460B-B49A-7770CD7E06E4}.Release|Mixed Platforms.ActiveCfg = DebugProd|Any CPU
		{F71840F1-86D3-460B-B49A-7770CD7E06E4}.Release|Mixed Platforms.Build.0 = DebugProd|Any CPU
		{F71840F1-86D3-460B-B49A-7770CD7E06E4}.Release|x86.ActiveCfg = DebugProd|Any CPU
		{9146318F-2A1B-4CA8-AE8D-7DDE15C44891}.Debug|Any CPU.ActiveCfg = Debug|Any CPU
		{9146318F-2A1B-4CA8-AE8D-7DDE15C44891}.Debug|Any CPU.Build.0 = Debug|Any CPU
		{9146318F-2A1B-4CA8-AE8D-7DDE15C44891}.Debug|Mixed Platforms.ActiveCfg = Debug|Any CPU
		{9146318F-2A1B-4CA8-AE8D-7DDE15C44891}.Debug|Mixed Platforms.Build.0 = Debug|Any CPU
		{9146318F-2A1B-4CA8-AE8D-7DDE15C44891}.Debug|x86.ActiveCfg = Debug|Any CPU
		{9146318F-2A1B-4CA8-AE8D-7DDE15C44891}.DebugProd|Any CPU.ActiveCfg = Debug|Any CPU
		{9146318F-2A1B-4CA8-AE8D-7DDE15C44891}.DebugProd|Any CPU.Build.0 = Debug|Any CPU
		{9146318F-2A1B-4CA8-AE8D-7DDE15C44891}.DebugProd|Mixed Platforms.ActiveCfg = Debug|Any CPU
		{9146318F-2A1B-4CA8-AE8D-7DDE15C44891}.DebugProd|Mixed Platforms.Build.0 = Debug|Any CPU
		{9146318F-2A1B-4CA8-AE8D-7DDE15C44891}.DebugProd|x86.ActiveCfg = Debug|Any CPU
		{9146318F-2A1B-4CA8-AE8D-7DDE15C44891}.Prod|Any CPU.ActiveCfg = Release|Any CPU
		{9146318F-2A1B-4CA8-AE8D-7DDE15C44891}.Prod|Any CPU.Build.0 = Release|Any CPU
		{9146318F-2A1B-4CA8-AE8D-7DDE15C44891}.Prod|Mixed Platforms.ActiveCfg = Release|Any CPU
		{9146318F-2A1B-4CA8-AE8D-7DDE15C44891}.Prod|Mixed Platforms.Build.0 = Release|Any CPU
		{9146318F-2A1B-4CA8-AE8D-7DDE15C44891}.Prod|x86.ActiveCfg = Release|Any CPU
		{9146318F-2A1B-4CA8-AE8D-7DDE15C44891}.Release|Any CPU.ActiveCfg = Release|Any CPU
		{9146318F-2A1B-4CA8-AE8D-7DDE15C44891}.Release|Any CPU.Build.0 = Release|Any CPU
		{9146318F-2A1B-4CA8-AE8D-7DDE15C44891}.Release|Mixed Platforms.ActiveCfg = Release|Any CPU
		{9146318F-2A1B-4CA8-AE8D-7DDE15C44891}.Release|Mixed Platforms.Build.0 = Release|Any CPU
		{9146318F-2A1B-4CA8-AE8D-7DDE15C44891}.Release|x86.ActiveCfg = Release|Any CPU
		{1CDAB507-D27D-4388-A50D-B3D2EE400F14}.Debug|Any CPU.ActiveCfg = Debug|Any CPU
		{1CDAB507-D27D-4388-A50D-B3D2EE400F14}.Debug|Any CPU.Build.0 = Debug|Any CPU
		{1CDAB507-D27D-4388-A50D-B3D2EE400F14}.Debug|Mixed Platforms.ActiveCfg = Debug|Any CPU
		{1CDAB507-D27D-4388-A50D-B3D2EE400F14}.Debug|Mixed Platforms.Build.0 = Debug|Any CPU
		{1CDAB507-D27D-4388-A50D-B3D2EE400F14}.Debug|x86.ActiveCfg = Debug|Any CPU
		{1CDAB507-D27D-4388-A50D-B3D2EE400F14}.DebugProd|Any CPU.ActiveCfg = Debug|Any CPU
		{1CDAB507-D27D-4388-A50D-B3D2EE400F14}.DebugProd|Any CPU.Build.0 = Debug|Any CPU
		{1CDAB507-D27D-4388-A50D-B3D2EE400F14}.DebugProd|Mixed Platforms.ActiveCfg = Debug|Any CPU
		{1CDAB507-D27D-4388-A50D-B3D2EE400F14}.DebugProd|Mixed Platforms.Build.0 = Debug|Any CPU
		{1CDAB507-D27D-4388-A50D-B3D2EE400F14}.DebugProd|x86.ActiveCfg = Debug|Any CPU
		{1CDAB507-D27D-4388-A50D-B3D2EE400F14}.Prod|Any CPU.ActiveCfg = Release|Any CPU
		{1CDAB507-D27D-4388-A50D-B3D2EE400F14}.Prod|Any CPU.Build.0 = Release|Any CPU
		{1CDAB507-D27D-4388-A50D-B3D2EE400F14}.Prod|Mixed Platforms.ActiveCfg = Release|Any CPU
		{1CDAB507-D27D-4388-A50D-B3D2EE400F14}.Prod|Mixed Platforms.Build.0 = Release|Any CPU
		{1CDAB507-D27D-4388-A50D-B3D2EE400F14}.Prod|x86.ActiveCfg = Release|Any CPU
		{1CDAB507-D27D-4388-A50D-B3D2EE400F14}.Release|Any CPU.ActiveCfg = Release|Any CPU
		{1CDAB507-D27D-4388-A50D-B3D2EE400F14}.Release|Any CPU.Build.0 = Release|Any CPU
		{1CDAB507-D27D-4388-A50D-B3D2EE400F14}.Release|Mixed Platforms.ActiveCfg = Release|Any CPU
		{1CDAB507-D27D-4388-A50D-B3D2EE400F14}.Release|Mixed Platforms.Build.0 = Release|Any CPU
		{1CDAB507-D27D-4388-A50D-B3D2EE400F14}.Release|x86.ActiveCfg = Release|Any CPU
	EndGlobalSection
	GlobalSection(SolutionProperties) = preSolution
		HideSolutionNode = FALSE
	EndGlobalSection
EndGlobal
