
Microsoft Visual Studio Solution File, Format Version 11.00
# Visual Studio 2010
Project("{FAE04EC0-301F-11D3-BF4B-00C04F79EFBC}") = "Bowerbird.Website", "Src\Bowerbird.Website\Bowerbird.Website.csproj", "{4E89BE11-AE0B-4A9E-B423-87B5A6261C0E}"
EndProject
Project("{FAE04EC0-301F-11D3-BF4B-00C04F79EFBC}") = "Bowerbird.Web", "Src\Bowerbird.Web\Bowerbird.Web.csproj", "{32CE4221-21E5-48E9-BA54-E0908FD5B80A}"
EndProject
Project("{FAE04EC0-301F-11D3-BF4B-00C04F79EFBC}") = "Bowerbird.Test", "Src\Bowerbird.Test\Bowerbird.Test.csproj", "{E372C4B3-14CE-4D15-84F4-2F9E4750BC5F}"
EndProject
Project("{FAE04EC0-301F-11D3-BF4B-00C04F79EFBC}") = "Bowerbird.Core", "Src\Bowerbird.Core\Bowerbird.Core.csproj", "{F71840F1-86D3-460B-B49A-7770CD7E06E4}"
EndProject
Project("{2150E333-8FDC-42A3-9474-1A3956D46DE8}") = ".nuget", ".nuget", "{8DEC69C6-40F4-4DC0-8E60-D6C215EB471E}"
EndProject
Project("{2150E333-8FDC-42A3-9474-1A3956D46DE8}") = "Build", "Build", "{50BF98F5-50FF-4A9A-A853-4863DE43D8AA}"
	ProjectSection(SolutionItems) = preProject
		Build\app.build.js = Build\app.build.js
		Build\Build.proj = Build\Build.proj
		Build\Build.tasks = Build\Build.tasks
		Build\js-build-tasks.bat = Build\js-build-tasks.bat
		Build\r.js = Build\r.js
	EndProjectSection
EndProject
Global
	GlobalSection(SolutionConfigurationPlatforms) = preSolution
		Debug|Any CPU = Debug|Any CPU
		Debug|Mixed Platforms = Debug|Mixed Platforms
		Debug|x86 = Debug|x86
		DebugProd|Any CPU = DebugProd|Any CPU
		DebugProd|Mixed Platforms = DebugProd|Mixed Platforms
		DebugProd|x86 = DebugProd|x86
		Prod|Any CPU = Prod|Any CPU
		Prod|Mixed Platforms = Prod|Mixed Platforms
		Prod|x86 = Prod|x86
		Release|Any CPU = Release|Any CPU
		Release|Mixed Platforms = Release|Mixed Platforms
		Release|x86 = Release|x86
		Stage|Any CPU = Stage|Any CPU
		Stage|Mixed Platforms = Stage|Mixed Platforms
		Stage|x86 = Stage|x86
		Test|Any CPU = Test|Any CPU
		Test|Mixed Platforms = Test|Mixed Platforms
		Test|x86 = Test|x86
	EndGlobalSection
	GlobalSection(ProjectConfigurationPlatforms) = postSolution
		{4E89BE11-AE0B-4A9E-B423-87B5A6261C0E}.Debug|Any CPU.ActiveCfg = Debug|Any CPU
		{4E89BE11-AE0B-4A9E-B423-87B5A6261C0E}.Debug|Any CPU.Build.0 = Debug|Any CPU
		{4E89BE11-AE0B-4A9E-B423-87B5A6261C0E}.Debug|Mixed Platforms.ActiveCfg = Debug|Any CPU
		{4E89BE11-AE0B-4A9E-B423-87B5A6261C0E}.Debug|Mixed Platforms.Build.0 = Debug|Any CPU
		{4E89BE11-AE0B-4A9E-B423-87B5A6261C0E}.Debug|x86.ActiveCfg = Debug|Any CPU
		{4E89BE11-AE0B-4A9E-B423-87B5A6261C0E}.DebugProd|Any CPU.ActiveCfg = DebugProd|Any CPU
		{4E89BE11-AE0B-4A9E-B423-87B5A6261C0E}.DebugProd|Any CPU.Build.0 = DebugProd|Any CPU
		{4E89BE11-AE0B-4A9E-B423-87B5A6261C0E}.DebugProd|Mixed Platforms.ActiveCfg = DebugProd|Any CPU
		{4E89BE11-AE0B-4A9E-B423-87B5A6261C0E}.DebugProd|Mixed Platforms.Build.0 = DebugProd|Any CPU
		{4E89BE11-AE0B-4A9E-B423-87B5A6261C0E}.DebugProd|x86.ActiveCfg = DebugProd|Any CPU
		{4E89BE11-AE0B-4A9E-B423-87B5A6261C0E}.Prod|Any CPU.ActiveCfg = Prod|Any CPU
		{4E89BE11-AE0B-4A9E-B423-87B5A6261C0E}.Prod|Any CPU.Build.0 = Prod|Any CPU
		{4E89BE11-AE0B-4A9E-B423-87B5A6261C0E}.Prod|Mixed Platforms.ActiveCfg = Prod|Any CPU
		{4E89BE11-AE0B-4A9E-B423-87B5A6261C0E}.Prod|Mixed Platforms.Build.0 = Prod|Any CPU
		{4E89BE11-AE0B-4A9E-B423-87B5A6261C0E}.Prod|x86.ActiveCfg = Prod|Any CPU
		{4E89BE11-AE0B-4A9E-B423-87B5A6261C0E}.Release|Any CPU.ActiveCfg = DebugProd|Any CPU
		{4E89BE11-AE0B-4A9E-B423-87B5A6261C0E}.Release|Any CPU.Build.0 = DebugProd|Any CPU
		{4E89BE11-AE0B-4A9E-B423-87B5A6261C0E}.Release|Mixed Platforms.ActiveCfg = DebugProd|Any CPU
		{4E89BE11-AE0B-4A9E-B423-87B5A6261C0E}.Release|Mixed Platforms.Build.0 = DebugProd|Any CPU
		{4E89BE11-AE0B-4A9E-B423-87B5A6261C0E}.Release|x86.ActiveCfg = DebugProd|Any CPU
		{4E89BE11-AE0B-4A9E-B423-87B5A6261C0E}.Stage|Any CPU.ActiveCfg = Stage|Any CPU
		{4E89BE11-AE0B-4A9E-B423-87B5A6261C0E}.Stage|Any CPU.Build.0 = Stage|Any CPU
		{4E89BE11-AE0B-4A9E-B423-87B5A6261C0E}.Stage|Mixed Platforms.ActiveCfg = Stage|Any CPU
		{4E89BE11-AE0B-4A9E-B423-87B5A6261C0E}.Stage|Mixed Platforms.Build.0 = Stage|Any CPU
		{4E89BE11-AE0B-4A9E-B423-87B5A6261C0E}.Stage|x86.ActiveCfg = Stage|Any CPU
		{4E89BE11-AE0B-4A9E-B423-87B5A6261C0E}.Test|Any CPU.ActiveCfg = Test|Any CPU
		{4E89BE11-AE0B-4A9E-B423-87B5A6261C0E}.Test|Any CPU.Build.0 = Test|Any CPU
		{4E89BE11-AE0B-4A9E-B423-87B5A6261C0E}.Test|Mixed Platforms.ActiveCfg = Test|Any CPU
		{4E89BE11-AE0B-4A9E-B423-87B5A6261C0E}.Test|Mixed Platforms.Build.0 = Test|Any CPU
		{4E89BE11-AE0B-4A9E-B423-87B5A6261C0E}.Test|x86.ActiveCfg = Test|Any CPU
		{32CE4221-21E5-48E9-BA54-E0908FD5B80A}.Debug|Any CPU.ActiveCfg = Debug|Any CPU
		{32CE4221-21E5-48E9-BA54-E0908FD5B80A}.Debug|Any CPU.Build.0 = Debug|Any CPU
		{32CE4221-21E5-48E9-BA54-E0908FD5B80A}.Debug|Mixed Platforms.ActiveCfg = Debug|Any CPU
		{32CE4221-21E5-48E9-BA54-E0908FD5B80A}.Debug|Mixed Platforms.Build.0 = Debug|Any CPU
		{32CE4221-21E5-48E9-BA54-E0908FD5B80A}.Debug|x86.ActiveCfg = Debug|Any CPU
		{32CE4221-21E5-48E9-BA54-E0908FD5B80A}.DebugProd|Any CPU.ActiveCfg = DebugProd|Any CPU
		{32CE4221-21E5-48E9-BA54-E0908FD5B80A}.DebugProd|Any CPU.Build.0 = DebugProd|Any CPU
		{32CE4221-21E5-48E9-BA54-E0908FD5B80A}.DebugProd|Mixed Platforms.ActiveCfg = DebugProd|Any CPU
		{32CE4221-21E5-48E9-BA54-E0908FD5B80A}.DebugProd|Mixed Platforms.Build.0 = DebugProd|Any CPU
		{32CE4221-21E5-48E9-BA54-E0908FD5B80A}.DebugProd|x86.ActiveCfg = DebugProd|Any CPU
		{32CE4221-21E5-48E9-BA54-E0908FD5B80A}.Prod|Any CPU.ActiveCfg = Prod|Any CPU
		{32CE4221-21E5-48E9-BA54-E0908FD5B80A}.Prod|Any CPU.Build.0 = Prod|Any CPU
		{32CE4221-21E5-48E9-BA54-E0908FD5B80A}.Prod|Mixed Platforms.ActiveCfg = Prod|Any CPU
		{32CE4221-21E5-48E9-BA54-E0908FD5B80A}.Prod|Mixed Platforms.Build.0 = Prod|Any CPU
		{32CE4221-21E5-48E9-BA54-E0908FD5B80A}.Prod|x86.ActiveCfg = Prod|Any CPU
		{32CE4221-21E5-48E9-BA54-E0908FD5B80A}.Release|Any CPU.ActiveCfg = DebugProd|Any CPU
		{32CE4221-21E5-48E9-BA54-E0908FD5B80A}.Release|Any CPU.Build.0 = DebugProd|Any CPU
		{32CE4221-21E5-48E9-BA54-E0908FD5B80A}.Release|Mixed Platforms.ActiveCfg = DebugProd|Any CPU
		{32CE4221-21E5-48E9-BA54-E0908FD5B80A}.Release|Mixed Platforms.Build.0 = DebugProd|Any CPU
		{32CE4221-21E5-48E9-BA54-E0908FD5B80A}.Release|x86.ActiveCfg = DebugProd|Any CPU
		{32CE4221-21E5-48E9-BA54-E0908FD5B80A}.Stage|Any CPU.ActiveCfg = Stage|Any CPU
		{32CE4221-21E5-48E9-BA54-E0908FD5B80A}.Stage|Any CPU.Build.0 = Stage|Any CPU
		{32CE4221-21E5-48E9-BA54-E0908FD5B80A}.Stage|Mixed Platforms.ActiveCfg = Stage|Any CPU
		{32CE4221-21E5-48E9-BA54-E0908FD5B80A}.Stage|Mixed Platforms.Build.0 = Stage|Any CPU
		{32CE4221-21E5-48E9-BA54-E0908FD5B80A}.Stage|x86.ActiveCfg = Stage|Any CPU
		{32CE4221-21E5-48E9-BA54-E0908FD5B80A}.Test|Any CPU.ActiveCfg = Test|Any CPU
		{32CE4221-21E5-48E9-BA54-E0908FD5B80A}.Test|Any CPU.Build.0 = Test|Any CPU
		{32CE4221-21E5-48E9-BA54-E0908FD5B80A}.Test|Mixed Platforms.ActiveCfg = Test|Any CPU
		{32CE4221-21E5-48E9-BA54-E0908FD5B80A}.Test|Mixed Platforms.Build.0 = Test|Any CPU
		{32CE4221-21E5-48E9-BA54-E0908FD5B80A}.Test|x86.ActiveCfg = Test|Any CPU
		{E372C4B3-14CE-4D15-84F4-2F9E4750BC5F}.Debug|Any CPU.ActiveCfg = Debug|Any CPU
		{E372C4B3-14CE-4D15-84F4-2F9E4750BC5F}.Debug|Mixed Platforms.ActiveCfg = Debug|Any CPU
		{E372C4B3-14CE-4D15-84F4-2F9E4750BC5F}.Debug|x86.ActiveCfg = Debug|Any CPU
		{E372C4B3-14CE-4D15-84F4-2F9E4750BC5F}.DebugProd|Any CPU.ActiveCfg = DebugProd|Any CPU
		{E372C4B3-14CE-4D15-84F4-2F9E4750BC5F}.DebugProd|Mixed Platforms.ActiveCfg = DebugProd|Any CPU
		{E372C4B3-14CE-4D15-84F4-2F9E4750BC5F}.DebugProd|x86.ActiveCfg = DebugProd|Any CPU
		{E372C4B3-14CE-4D15-84F4-2F9E4750BC5F}.Prod|Any CPU.ActiveCfg = Prod|Any CPU
		{E372C4B3-14CE-4D15-84F4-2F9E4750BC5F}.Prod|Mixed Platforms.ActiveCfg = Prod|Any CPU
		{E372C4B3-14CE-4D15-84F4-2F9E4750BC5F}.Prod|x86.ActiveCfg = Prod|Any CPU
		{E372C4B3-14CE-4D15-84F4-2F9E4750BC5F}.Release|Any CPU.ActiveCfg = DebugProd|Any CPU
		{E372C4B3-14CE-4D15-84F4-2F9E4750BC5F}.Release|Any CPU.Build.0 = DebugProd|Any CPU
		{E372C4B3-14CE-4D15-84F4-2F9E4750BC5F}.Release|Mixed Platforms.ActiveCfg = DebugProd|Any CPU
		{E372C4B3-14CE-4D15-84F4-2F9E4750BC5F}.Release|Mixed Platforms.Build.0 = DebugProd|Any CPU
		{E372C4B3-14CE-4D15-84F4-2F9E4750BC5F}.Release|x86.ActiveCfg = DebugProd|Any CPU
		{E372C4B3-14CE-4D15-84F4-2F9E4750BC5F}.Stage|Any CPU.ActiveCfg = Stage|Any CPU
		{E372C4B3-14CE-4D15-84F4-2F9E4750BC5F}.Stage|Mixed Platforms.ActiveCfg = Stage|Any CPU
		{E372C4B3-14CE-4D15-84F4-2F9E4750BC5F}.Stage|Mixed Platforms.Build.0 = Stage|Any CPU
		{E372C4B3-14CE-4D15-84F4-2F9E4750BC5F}.Stage|x86.ActiveCfg = Stage|Any CPU
		{E372C4B3-14CE-4D15-84F4-2F9E4750BC5F}.Test|Any CPU.ActiveCfg = Test|Any CPU
		{E372C4B3-14CE-4D15-84F4-2F9E4750BC5F}.Test|Mixed Platforms.ActiveCfg = Test|Any CPU
		{E372C4B3-14CE-4D15-84F4-2F9E4750BC5F}.Test|Mixed Platforms.Build.0 = Test|Any CPU
		{E372C4B3-14CE-4D15-84F4-2F9E4750BC5F}.Test|x86.ActiveCfg = Test|Any CPU
		{F71840F1-86D3-460B-B49A-7770CD7E06E4}.Debug|Any CPU.ActiveCfg = Debug|Any CPU
		{F71840F1-86D3-460B-B49A-7770CD7E06E4}.Debug|Any CPU.Build.0 = Debug|Any CPU
		{F71840F1-86D3-460B-B49A-7770CD7E06E4}.Debug|Mixed Platforms.ActiveCfg = Debug|Any CPU
		{F71840F1-86D3-460B-B49A-7770CD7E06E4}.Debug|Mixed Platforms.Build.0 = Debug|Any CPU
		{F71840F1-86D3-460B-B49A-7770CD7E06E4}.Debug|x86.ActiveCfg = Debug|Any CPU
		{F71840F1-86D3-460B-B49A-7770CD7E06E4}.DebugProd|Any CPU.ActiveCfg = DebugProd|Any CPU
		{F71840F1-86D3-460B-B49A-7770CD7E06E4}.DebugProd|Any CPU.Build.0 = DebugProd|Any CPU
		{F71840F1-86D3-460B-B49A-7770CD7E06E4}.DebugProd|Mixed Platforms.ActiveCfg = DebugProd|Any CPU
		{F71840F1-86D3-460B-B49A-7770CD7E06E4}.DebugProd|Mixed Platforms.Build.0 = DebugProd|Any CPU
		{F71840F1-86D3-460B-B49A-7770CD7E06E4}.DebugProd|x86.ActiveCfg = DebugProd|Any CPU
		{F71840F1-86D3-460B-B49A-7770CD7E06E4}.Prod|Any CPU.ActiveCfg = Prod|Any CPU
		{F71840F1-86D3-460B-B49A-7770CD7E06E4}.Prod|Any CPU.Build.0 = Prod|Any CPU
		{F71840F1-86D3-460B-B49A-7770CD7E06E4}.Prod|Mixed Platforms.ActiveCfg = Prod|Any CPU
		{F71840F1-86D3-460B-B49A-7770CD7E06E4}.Prod|Mixed Platforms.Build.0 = Prod|Any CPU
		{F71840F1-86D3-460B-B49A-7770CD7E06E4}.Prod|x86.ActiveCfg = Prod|Any CPU
		{F71840F1-86D3-460B-B49A-7770CD7E06E4}.Release|Any CPU.ActiveCfg = DebugProd|Any CPU
		{F71840F1-86D3-460B-B49A-7770CD7E06E4}.Release|Any CPU.Build.0 = DebugProd|Any CPU
		{F71840F1-86D3-460B-B49A-7770CD7E06E4}.Release|Mixed Platforms.ActiveCfg = DebugProd|Any CPU
		{F71840F1-86D3-460B-B49A-7770CD7E06E4}.Release|Mixed Platforms.Build.0 = DebugProd|Any CPU
		{F71840F1-86D3-460B-B49A-7770CD7E06E4}.Release|x86.ActiveCfg = DebugProd|Any CPU
		{F71840F1-86D3-460B-B49A-7770CD7E06E4}.Stage|Any CPU.ActiveCfg = Stage|Any CPU
		{F71840F1-86D3-460B-B49A-7770CD7E06E4}.Stage|Any CPU.Build.0 = Stage|Any CPU
		{F71840F1-86D3-460B-B49A-7770CD7E06E4}.Stage|Mixed Platforms.ActiveCfg = Stage|Any CPU
		{F71840F1-86D3-460B-B49A-7770CD7E06E4}.Stage|Mixed Platforms.Build.0 = Stage|Any CPU
		{F71840F1-86D3-460B-B49A-7770CD7E06E4}.Stage|x86.ActiveCfg = Stage|Any CPU
		{F71840F1-86D3-460B-B49A-7770CD7E06E4}.Test|Any CPU.ActiveCfg = Test|Any CPU
		{F71840F1-86D3-460B-B49A-7770CD7E06E4}.Test|Any CPU.Build.0 = Test|Any CPU
		{F71840F1-86D3-460B-B49A-7770CD7E06E4}.Test|Mixed Platforms.ActiveCfg = Test|Any CPU
		{F71840F1-86D3-460B-B49A-7770CD7E06E4}.Test|Mixed Platforms.Build.0 = Test|Any CPU
		{F71840F1-86D3-460B-B49A-7770CD7E06E4}.Test|x86.ActiveCfg = Test|Any CPU
	EndGlobalSection
	GlobalSection(SolutionProperties) = preSolution
		HideSolutionNode = FALSE
	EndGlobalSection
EndGlobal
